
Microsoft Visual Studio Solution File, Format Version 12.00
Project("{FAE04EC0-301F-11D3-BF4B-00C04F79EFBC}") = "Octopus.Deployment", "Octopus.Deployment\Octopus.Deployment.csproj", "{C72DB620-29DA-4FF6-AB4E-E9FEAEF10BA5}"
EndProject
Project("{FAE04EC0-301F-11D3-BF4B-00C04F79EFBC}") = "Octopus.Deployment.Tests", "Octopus.Deployment.Tests\Octopus.Deployment.Tests.csproj", "{51B98476-C104-4C6C-A612-787E9CCF8901}"
EndProject
Global
	GlobalSection(SolutionConfigurationPlatforms) = preSolution
		Debug|Any CPU = Debug|Any CPU
		Release|Any CPU = Release|Any CPU
	EndGlobalSection
	GlobalSection(ProjectConfigurationPlatforms) = postSolution
		{C72DB620-29DA-4FF6-AB4E-E9FEAEF10BA5}.Debug|Any CPU.ActiveCfg = Debug|Any CPU
		{C72DB620-29DA-4FF6-AB4E-E9FEAEF10BA5}.Debug|Any CPU.Build.0 = Debug|Any CPU
		{C72DB620-29DA-4FF6-AB4E-E9FEAEF10BA5}.Release|Any CPU.ActiveCfg = Release|Any CPU
		{C72DB620-29DA-4FF6-AB4E-E9FEAEF10BA5}.Release|Any CPU.Build.0 = Release|Any CPU
		{51B98476-C104-4C6C-A612-787E9CCF8901}.Debug|Any CPU.ActiveCfg = Debug|Any CPU
		{51B98476-C104-4C6C-A612-787E9CCF8901}.Debug|Any CPU.Build.0 = Debug|Any CPU
		{51B98476-C104-4C6C-A612-787E9CCF8901}.Release|Any CPU.ActiveCfg = Release|Any CPU
		{51B98476-C104-4C6C-A612-787E9CCF8901}.Release|Any CPU.Build.0 = Release|Any CPU
	EndGlobalSection
EndGlobal
